// !$*UTF8*$!
{
	archiveVersion = 1;
	classes = {
	};
	objectVersion = 77;
	objects = {

/* Begin PBXBuildFile section */
		A486F0482FE2034700AA36C3 /* TripperDashPPApp.swift in Sources */ = {isa = PBXBuildFile; fileRef = A486F0422FE2034700AA36C3 /* TripperDashPPApp.swift */; };
		A4F000000000000000000001 /* NavigationStore.swift in Sources */ = {isa = PBXBuildFile; fileRef = A4F000000000000000000000 /* NavigationStore.swift */; };
		A4F000000000000000000011 /* LocalSearchService.swift in Sources */ = {isa = PBXBuildFile; fileRef = A4F000000000000000000010 /* LocalSearchService.swift */; };
		A4F000000000000000000021 /* RoutingService.swift in Sources */ = {isa = PBXBuildFile; fileRef = A4F000000000000000000020 /* RoutingService.swift */; };
		A4F000000000000000000031 /* PolylineMath.swift in Sources */ = {isa = PBXBuildFile; fileRef = A4F000000000000000000030 /* PolylineMath.swift */; };
		A4F000000000000000000041 /* ActiveNavigator.swift in Sources */ = {isa = PBXBuildFile; fileRef = A4F000000000000000000040 /* ActiveNavigator.swift */; };
		A4F000000000000000000051 /* Destination.swift in Sources */ = {isa = PBXBuildFile; fileRef = A4F000000000000000000050 /* Destination.swift */; };
		A4F000000000000000000061 /* Favorite.swift in Sources */ = {isa = PBXBuildFile; fileRef = A4F000000000000000000060 /* Favorite.swift */; };
		A4F000000000000000000071 /* NavSettings.swift in Sources */ = {isa = PBXBuildFile; fileRef = A4F000000000000000000070 /* NavSettings.swift */; };
		A4F000000000000000000E01 /* ActiveNavLoop.swift in Sources */ = {isa = PBXBuildFile; fileRef = A4F000000000000000000E00 /* ActiveNavLoop.swift */; };
		A4F000000000000000000F01 /* ManeuverScannerLoop.swift in Sources */ = {isa = PBXBuildFile; fileRef = A4F000000000000000000F00 /* ManeuverScannerLoop.swift */; };
		A4F000000000000000000E11 /* DashNavSettings.swift in Sources */ = {isa = PBXBuildFile; fileRef = A4F000000000000000000E10 /* DashNavSettings.swift */; };
		A4F000000000000000000E21 /* ManeuverIcon.swift in Sources */ = {isa = PBXBuildFile; fileRef = A4F000000000000000000E20 /* ManeuverIcon.swift */; };
		A4F000000000000000000081 /* DestinationSearchSheet.swift in Sources */ = {isa = PBXBuildFile; fileRef = A4F000000000000000000080 /* DestinationSearchSheet.swift */; };
		A4F000000000000000000091 /* FavoriteEditorSheet.swift in Sources */ = {isa = PBXBuildFile; fileRef = A4F000000000000000000090 /* FavoriteEditorSheet.swift */; };
		A4F0000000000000000000A1 /* DestinationPreviewSheet.swift in Sources */ = {isa = PBXBuildFile; fileRef = A4F0000000000000000000A0 /* DestinationPreviewSheet.swift */; };
		A4F0000000000000000000B1 /* RoutePreviewSheet.swift in Sources */ = {isa = PBXBuildFile; fileRef = A4F0000000000000000000B0 /* RoutePreviewSheet.swift */; };
		A4F0000000000000000000C1 /* NavigationHUD.swift in Sources */ = {isa = PBXBuildFile; fileRef = A4F0000000000000000000C0 /* NavigationHUD.swift */; };
		A4F0000000000000000000D1 /* QuickAccessTiles.swift in Sources */ = {isa = PBXBuildFile; fileRef = A4F0000000000000000000D0 /* QuickAccessTiles.swift */; };
		A486F0492FE2034700AA36C3 /* MapPickerView.swift in Sources */ = {isa = PBXBuildFile; fileRef = A486F0442FE2034700AA36C3 /* MapPickerView.swift */; };
		29F33008B35290915EF1ACD9 /* MapPreviewView.swift in Sources */ = {isa = PBXBuildFile; fileRef = 5BC2EE418D3B446F3426DE0A /* MapPreviewView.swift */; };
		6CEEF1E3E02E5B291694EB0C /* InteractiveMapView.swift in Sources */ = {isa = PBXBuildFile; fileRef = 7BFF19EA4B0DFEC1244F8F68 /* InteractiveMapView.swift */; };
		A486F04A2FE2034700AA36C3 /* AppStatus.swift in Sources */ = {isa = PBXBuildFile; fileRef = A486F0412FE2034700AA36C3 /* AppStatus.swift */; };
		A486F04B2FE2034700AA36C3 /* StreamingView.swift in Sources */ = {isa = PBXBuildFile; fileRef = A486F0462FE2034700AA36C3 /* StreamingView.swift */; };
		A486F04C2FE2034700AA36C3 /* RootView.swift in Sources */ = {isa = PBXBuildFile; fileRef = A486F0452FE2034700AA36C3 /* RootView.swift */; };
		A486F0662FE2DD0800AA36C3 /* DashSocket.swift in Sources */ = {isa = PBXBuildFile; fileRef = A486F0602FE2DD0800AA36C3 /* DashSocket.swift */; };
		A486F0672FE2DD0800AA36C3 /* RsaHandshake.swift in Sources */ = {isa = PBXBuildFile; fileRef = A486F0642FE2DD0800AA36C3 /* RsaHandshake.swift */; };
		A486F0682FE2DD0800AA36C3 /* HeartbeatLoop.swift in Sources */ = {isa = PBXBuildFile; fileRef = A486F0612FE2DD0800AA36C3 /* HeartbeatLoop.swift */; };
		A486F0692FE2DD0800AA36C3 /* BikeLink.swift in Sources */ = {isa = PBXBuildFile; fileRef = A486F05F2FE2DD0800AA36C3 /* BikeLink.swift */; };
		A486F06A2FE2DD0800AA36C3 /* K1GPacket.swift in Sources */ = {isa = PBXBuildFile; fileRef = A486F0632FE2DD0800AA36C3 /* K1GPacket.swift */; };
		A486F06B2FE2DD0800AA36C3 /* K1GConstants.swift in Sources */ = {isa = PBXBuildFile; fileRef = A486F0622FE2DD0800AA36C3 /* K1GConstants.swift */; };
		A4E71CA22FE3128D00CFD473 /* RtpStreamer.swift in Sources */ = {isa = PBXBuildFile; fileRef = A4E71CA02FE3128D00CFD473 /* RtpStreamer.swift */; };
		F00DBABE00000000DEADBEEF /* MapViewSource.swift in Sources */ = {isa = PBXBuildFile; fileRef = CAFEFEED00000000DEADBEEF /* MapViewSource.swift */; };
		F00DBABE00000000DEADBEF1 /* RouteTileCache.swift in Sources */ = {isa = PBXBuildFile; fileRef = CAFEFEED00000000DEADBEF1 /* RouteTileCache.swift */; };
		EFEF1002000000000000A001 /* PrerenderProgressView.swift in Sources */ = {isa = PBXBuildFile; fileRef = EFEF1001000000000000A001 /* PrerenderProgressView.swift */; };
		A4E71CA32FE3128D00CFD473 /* FrameSource.swift in Sources */ = {isa = PBXBuildFile; fileRef = A4E71C9D2FE3128D00CFD473 /* FrameSource.swift */; };
		A4E71CB12FE3128D00CFD473 /* ManeuverScanSource.swift in Sources */ = {isa = PBXBuildFile; fileRef = A4E71CB02FE3128D00CFD473 /* ManeuverScanSource.swift */; };
		A4E71CA42FE3128D00CFD473 /* RtpPacketizer.swift in Sources */ = {isa = PBXBuildFile; fileRef = A4E71C9F2FE3128D00CFD473 /* RtpPacketizer.swift */; };
		A4E71CA52FE3128D00CFD473 /* H264Encoder.swift in Sources */ = {isa = PBXBuildFile; fileRef = A4E71C9E2FE3128D00CFD473 /* H264Encoder.swift */; };
		A4B6F0012FE6000000AA36C3 /* LocationService.swift in Sources */ = {isa = PBXBuildFile; fileRef = A4B6F0002FE6000000AA36C3 /* LocationService.swift */; };
		A4B6F0032FE6000000AA36C3 /* SilentAudioKeeper.swift in Sources */ = {isa = PBXBuildFile; fileRef = A4B6F0022FE6000000AA36C3 /* SilentAudioKeeper.swift */; };
		A4B6F0052FE6500000AA36C3 /* MapSnapshotSource.swift in Sources */ = {isa = PBXBuildFile; fileRef = A4B6F0042FE6500000AA36C3 /* MapSnapshotSource.swift */; };
/* End PBXBuildFile section */

/* Begin PBXFileReference section */
		A41A9C4D2FE20258009BF005 /* TripperDashPP.app */ = {isa = PBXFileReference; explicitFileType = wrapper.application; includeInIndex = 0; path = TripperDashPP.app; sourceTree = BUILT_PRODUCTS_DIR; };
		A486F0412FE2034700AA36C3 /* AppStatus.swift */ = {isa = PBXFileReference; lastKnownFileType = sourcecode.swift; path = AppStatus.swift; sourceTree = "<group>"; };
		A4F000000000000000000000 /* NavigationStore.swift */ = {isa = PBXFileReference; lastKnownFileType = sourcecode.swift; path = NavigationStore.swift; sourceTree = "<group>"; };
		A4F000000000000000000010 /* LocalSearchService.swift */ = {isa = PBXFileReference; lastKnownFileType = sourcecode.swift; path = LocalSearchService.swift; sourceTree = "<group>"; };
		A4F000000000000000000020 /* RoutingService.swift */ = {isa = PBXFileReference; lastKnownFileType = sourcecode.swift; path = RoutingService.swift; sourceTree = "<group>"; };
		A4F000000000000000000030 /* PolylineMath.swift */ = {isa = PBXFileReference; lastKnownFileType = sourcecode.swift; path = PolylineMath.swift; sourceTree = "<group>"; };
		A4F000000000000000000040 /* ActiveNavigator.swift */ = {isa = PBXFileReference; lastKnownFileType = sourcecode.swift; path = ActiveNavigator.swift; sourceTree = "<group>"; };
		A4F000000000000000000050 /* Destination.swift */ = {isa = PBXFileReference; lastKnownFileType = sourcecode.swift; path = Destination.swift; sourceTree = "<group>"; };
		A4F000000000000000000060 /* Favorite.swift */ = {isa = PBXFileReference; lastKnownFileType = sourcecode.swift; path = Favorite.swift; sourceTree = "<group>"; };
		A4F000000000000000000070 /* NavSettings.swift */ = {isa = PBXFileReference; lastKnownFileType = sourcecode.swift; path = NavSettings.swift; sourceTree = "<group>"; };
		A4F000000000000000000E00 /* ActiveNavLoop.swift */ = {isa = PBXFileReference; lastKnownFileType = sourcecode.swift; path = ActiveNavLoop.swift; sourceTree = "<group>"; };
		A4F000000000000000000F00 /* ManeuverScannerLoop.swift */ = {isa = PBXFileReference; lastKnownFileType = sourcecode.swift; path = ManeuverScannerLoop.swift; sourceTree = "<group>"; };
		A4F000000000000000000E10 /* DashNavSettings.swift */ = {isa = PBXFileReference; lastKnownFileType = sourcecode.swift; path = DashNavSettings.swift; sourceTree = "<group>"; };
		A4F000000000000000000E20 /* ManeuverIcon.swift */ = {isa = PBXFileReference; lastKnownFileType = sourcecode.swift; path = ManeuverIcon.swift; sourceTree = "<group>"; };
		A4F000000000000000000080 /* DestinationSearchSheet.swift */ = {isa = PBXFileReference; lastKnownFileType = sourcecode.swift; path = DestinationSearchSheet.swift; sourceTree = "<group>"; };
		A4F000000000000000000090 /* FavoriteEditorSheet.swift */ = {isa = PBXFileReference; lastKnownFileType = sourcecode.swift; path = FavoriteEditorSheet.swift; sourceTree = "<group>"; };
		A4F0000000000000000000A0 /* DestinationPreviewSheet.swift */ = {isa = PBXFileReference; lastKnownFileType = sourcecode.swift; path = DestinationPreviewSheet.swift; sourceTree = "<group>"; };
		A4F0000000000000000000B0 /* RoutePreviewSheet.swift */ = {isa = PBXFileReference; lastKnownFileType = sourcecode.swift; path = RoutePreviewSheet.swift; sourceTree = "<group>"; };
		A4F0000000000000000000C0 /* NavigationHUD.swift */ = {isa = PBXFileReference; lastKnownFileType = sourcecode.swift; path = NavigationHUD.swift; sourceTree = "<group>"; };
		A4F0000000000000000000D0 /* QuickAccessTiles.swift */ = {isa = PBXFileReference; lastKnownFileType = sourcecode.swift; path = QuickAccessTiles.swift; sourceTree = "<group>"; };
		A486F0422FE2034700AA36C3 /* TripperDashPPApp.swift */ = {isa = PBXFileReference; lastKnownFileType = sourcecode.swift; path = TripperDashPPApp.swift; sourceTree = "<group>"; };
		A486F0442FE2034700AA36C3 /* MapPickerView.swift */ = {isa = PBXFileReference; lastKnownFileType = sourcecode.swift; path = MapPickerView.swift; sourceTree = "<group>"; };
		5BC2EE418D3B446F3426DE0A /* MapPreviewView.swift */ = {isa = PBXFileReference; lastKnownFileType = sourcecode.swift; path = MapPreviewView.swift; sourceTree = "<group>"; };
		7BFF19EA4B0DFEC1244F8F68 /* InteractiveMapView.swift */ = {isa = PBXFileReference; lastKnownFileType = sourcecode.swift; path = InteractiveMapView.swift; sourceTree = "<group>"; };
		A486F0452FE2034700AA36C3 /* RootView.swift */ = {isa = PBXFileReference; lastKnownFileType = sourcecode.swift; path = RootView.swift; sourceTree = "<group>"; };
		A486F0462FE2034700AA36C3 /* StreamingView.swift */ = {isa = PBXFileReference; lastKnownFileType = sourcecode.swift; path = StreamingView.swift; sourceTree = "<group>"; };
		A486F0512FE2069B00AA36C3 /* TripperDashPP-Info.plist */ = {isa = PBXFileReference; lastKnownFileType = text.plist; path = "TripperDashPP-Info.plist"; sourceTree = "<group>"; };
		A486F05F2FE2DD0800AA36C3 /* BikeLink.swift */ = {isa = PBXFileReference; lastKnownFileType = sourcecode.swift; path = BikeLink.swift; sourceTree = "<group>"; };
		A486F0602FE2DD0800AA36C3 /* DashSocket.swift */ = {isa = PBXFileReference; lastKnownFileType = sourcecode.swift; path = DashSocket.swift; sourceTree = "<group>"; };
		A486F0612FE2DD0800AA36C3 /* HeartbeatLoop.swift */ = {isa = PBXFileReference; lastKnownFileType = sourcecode.swift; path = HeartbeatLoop.swift; sourceTree = "<group>"; };
		A486F0622FE2DD0800AA36C3 /* K1GConstants.swift */ = {isa = PBXFileReference; lastKnownFileType = sourcecode.swift; path = K1GConstants.swift; sourceTree = "<group>"; };
		A486F0632FE2DD0800AA36C3 /* K1GPacket.swift */ = {isa = PBXFileReference; lastKnownFileType = sourcecode.swift; path = K1GPacket.swift; sourceTree = "<group>"; };
		A486F0642FE2DD0800AA36C3 /* RsaHandshake.swift */ = {isa = PBXFileReference; lastKnownFileType = sourcecode.swift; path = RsaHandshake.swift; sourceTree = "<group>"; };
		A4E71C9D2FE3128D00CFD473 /* FrameSource.swift */ = {isa = PBXFileReference; lastKnownFileType = sourcecode.swift; path = FrameSource.swift; sourceTree = "<group>"; };
		A4E71CB02FE3128D00CFD473 /* ManeuverScanSource.swift */ = {isa = PBXFileReference; lastKnownFileType = sourcecode.swift; path = ManeuverScanSource.swift; sourceTree = "<group>"; };
		A4E71C9E2FE3128D00CFD473 /* H264Encoder.swift */ = {isa = PBXFileReference; lastKnownFileType = sourcecode.swift; path = H264Encoder.swift; sourceTree = "<group>"; };
		A4E71C9F2FE3128D00CFD473 /* RtpPacketizer.swift */ = {isa = PBXFileReference; lastKnownFileType = sourcecode.swift; path = RtpPacketizer.swift; sourceTree = "<group>"; };
		A4E71CA02FE3128D00CFD473 /* RtpStreamer.swift */ = {isa = PBXFileReference; lastKnownFileType = sourcecode.swift; path = RtpStreamer.swift; sourceTree = "<group>"; };
		CAFEFEED00000000DEADBEEF /* MapViewSource.swift */ = {isa = PBXFileReference; lastKnownFileType = sourcecode.swift; path = MapViewSource.swift; sourceTree = "<group>"; };
		CAFEFEED00000000DEADBEF1 /* RouteTileCache.swift */ = {isa = PBXFileReference; lastKnownFileType = sourcecode.swift; path = RouteTileCache.swift; sourceTree = "<group>"; };
		EFEF1001000000000000A001 /* PrerenderProgressView.swift */ = {isa = PBXFileReference; lastKnownFileType = sourcecode.swift; path = PrerenderProgressView.swift; sourceTree = "<group>"; };
		A4B6F0002FE6000000AA36C3 /* LocationService.swift */ = {isa = PBXFileReference; lastKnownFileType = sourcecode.swift; path = LocationService.swift; sourceTree = "<group>"; };
		A4B6F0022FE6000000AA36C3 /* SilentAudioKeeper.swift */ = {isa = PBXFileReference; lastKnownFileType = sourcecode.swift; path = SilentAudioKeeper.swift; sourceTree = "<group>"; };
		A4B6F0042FE6500000AA36C3 /* MapSnapshotSource.swift */ = {isa = PBXFileReference; lastKnownFileType = sourcecode.swift; path = MapSnapshotSource.swift; sourceTree = "<group>"; };
/* End PBXFileReference section */

/* Begin PBXFrameworksBuildPhase section */
		A41A9C4A2FE20258009BF005 /* Frameworks */ = {
			isa = PBXFrameworksBuildPhase;
			buildActionMask = 2147483647;
			files = (
			);
			runOnlyForDeploymentPostprocessing = 0;
		};
/* End PBXFrameworksBuildPhase section */

/* Begin PBXGroup section */
		A41A9C442FE20258009BF005 = {
			isa = PBXGroup;
			children = (
				A4E71CA12FE3128D00CFD473 /* Stream */,
				A4B6F0062FE6500000AA36C3 /* Map */,
				A4F0FFFF000000000000A001 /* Navigation */,
				A486F0652FE2DD0800AA36C3 /* Tripper */,
				A486F0512FE2069B00AA36C3 /* TripperDashPP-Info.plist */,
				A486F0432FE2034700AA36C3 /* App */,
				A486F0472FE2034700AA36C3 /* UI */,
				A41A9C4E2FE20258009BF005 /* Products */,
			);
			sourceTree = "<group>";
		};
		A41A9C4E2FE20258009BF005 /* Products */ = {
			isa = PBXGroup;
			children = (
				A41A9C4D2FE20258009BF005 /* TripperDashPP.app */,
			);
			name = Products;
			sourceTree = "<group>";
		};
		A486F0432FE2034700AA36C3 /* App */ = {
			isa = PBXGroup;
			children = (
				A486F0412FE2034700AA36C3 /* AppStatus.swift */,
				A486F0422FE2034700AA36C3 /* TripperDashPPApp.swift */,
				A4B6F0002FE6000000AA36C3 /* LocationService.swift */,
				A4B6F0022FE6000000AA36C3 /* SilentAudioKeeper.swift */,
			);
			path = App;
			sourceTree = "<group>";
		};
		A486F0472FE2034700AA36C3 /* UI */ = {
			isa = PBXGroup;
			children = (
				A486F0442FE2034700AA36C3 /* MapPickerView.swift */,
				5BC2EE418D3B446F3426DE0A /* MapPreviewView.swift */,
				7BFF19EA4B0DFEC1244F8F68 /* InteractiveMapView.swift */,
				A486F0452FE2034700AA36C3 /* RootView.swift */,
				A486F0462FE2034700AA36C3 /* StreamingView.swift */,
				A4F0FFFF000000000000A003 /* Navigation */,
			);
			path = UI;
			sourceTree = "<group>";
		};
		A486F0652FE2DD0800AA36C3 /* Tripper */ = {
			isa = PBXGroup;
			children = (
				A486F05F2FE2DD0800AA36C3 /* BikeLink.swift */,
				A486F0602FE2DD0800AA36C3 /* DashSocket.swift */,
				A486F0612FE2DD0800AA36C3 /* HeartbeatLoop.swift */,
				A486F0622FE2DD0800AA36C3 /* K1GConstants.swift */,
				A486F0632FE2DD0800AA36C3 /* K1GPacket.swift */,
				A486F0642FE2DD0800AA36C3 /* RsaHandshake.swift */,
			);
			path = Tripper;
			sourceTree = "<group>";
		};
		A4E71CA12FE3128D00CFD473 /* Stream */ = {
			isa = PBXGroup;
			children = (
				A4E71C9D2FE3128D00CFD473 /* FrameSource.swift */,
				A4E71CB02FE3128D00CFD473 /* ManeuverScanSource.swift */,
				A4E71C9E2FE3128D00CFD473 /* H264Encoder.swift */,
				A4E71C9F2FE3128D00CFD473 /* RtpPacketizer.swift */,
				A4E71CA02FE3128D00CFD473 /* RtpStreamer.swift */,
			);
			path = Stream;
			sourceTree = "<group>";
		};
		A4B6F0062FE6500000AA36C3 /* Map */ = {
			isa = PBXGroup;
			children = (
				A4B6F0042FE6500000AA36C3 /* MapSnapshotSource.swift */,
				CAFEFEED00000000DEADBEEF /* MapViewSource.swift */,
				CAFEFEED00000000DEADBEF1 /* RouteTileCache.swift */,
			);
			path = Map;
			sourceTree = "<group>";
		};
		A4F0FFFF000000000000A001 /* Navigation */ = {
			isa = PBXGroup;
			children = (
				A4F0FFFF000000000000A002 /* Models */,
				A4F000000000000000000000 /* NavigationStore.swift */,
				A4F000000000000000000010 /* LocalSearchService.swift */,
				A4F000000000000000000020 /* RoutingService.swift */,
				A4F000000000000000000030 /* PolylineMath.swift */,
				A4F000000000000000000040 /* ActiveNavigator.swift */,
				A4F000000000000000000E00 /* ActiveNavLoop.swift */,
				A4F000000000000000000F00 /* ManeuverScannerLoop.swift */,
			);
			path = Navigation;
			sourceTree = "<group>";
		};
		A4F0FFFF000000000000A002 /* Models */ = {
			isa = PBXGroup;
			children = (
				A4F000000000000000000050 /* Destination.swift */,
				A4F000000000000000000060 /* Favorite.swift */,
				A4F000000000000000000070 /* NavSettings.swift */,
				A4F000000000000000000E10 /* DashNavSettings.swift */,
				A4F000000000000000000E20 /* ManeuverIcon.swift */,
			);
			path = Models;
			sourceTree = "<group>";
		};
		A4F0FFFF000000000000A003 /* Navigation */ = {
			isa = PBXGroup;
			children = (
				A4F000000000000000000080 /* DestinationSearchSheet.swift */,
				A4F000000000000000000090 /* FavoriteEditorSheet.swift */,
				EFEF1001000000000000A001 /* PrerenderProgressView.swift */,
				A4F0000000000000000000A0 /* DestinationPreviewSheet.swift */,
				A4F0000000000000000000B0 /* RoutePreviewSheet.swift */,
				A4F0000000000000000000C0 /* NavigationHUD.swift */,
				A4F0000000000000000000D0 /* QuickAccessTiles.swift */,
			);
			path = Navigation;
			sourceTree = "<group>";
		};
/* End PBXGroup section */

/* Begin PBXNativeTarget section */
		A41A9C4C2FE20258009BF005 /* TripperDashPP */ = {
			isa = PBXNativeTarget;
			buildConfigurationList = A41A9C582FE2025A009BF005 /* Build configuration list for PBXNativeTarget "TripperDashPP" */;
			buildPhases = (
				A41A9C492FE20258009BF005 /* Sources */,
				A41A9C4A2FE20258009BF005 /* Frameworks */,
				A41A9C4B2FE20258009BF005 /* Resources */,
			);
			buildRules = (
			);
			dependencies = (
			);
			name = TripperDashPP;
			packageProductDependencies = (
			);
			productName = TripperDashPP;
			productReference = A41A9C4D2FE20258009BF005 /* TripperDashPP.app */;
			productType = "com.apple.product-type.application";
		};
/* End PBXNativeTarget section */

/* Begin PBXProject section */
		A41A9C452FE20258009BF005 /* Project object */ = {
			isa = PBXProject;
			attributes = {
				BuildIndependentTargetsInParallel = 1;
				LastSwiftUpdateCheck = 2650;
				LastUpgradeCheck = 2650;
				TargetAttributes = {
					A41A9C4C2FE20258009BF005 = {
						CreatedOnToolsVersion = 26.5;
					};
				};
			};
			buildConfigurationList = A41A9C482FE20258009BF005 /* Build configuration list for PBXProject "TripperDashPP" */;
			developmentRegion = en;
			hasScannedForEncodings = 0;
			knownRegions = (
				en,
				Base,
			);
			mainGroup = A41A9C442FE20258009BF005;
			minimizedProjectReferenceProxies = 1;
			packageReferences = (
			);
			preferredProjectObjectVersion = 77;
			productRefGroup = A41A9C4E2FE20258009BF005 /* Products */;
			projectDirPath = "";
			projectRoot = "";
			targets = (
				A41A9C4C2FE20258009BF005 /* TripperDashPP */,
			);
		};
/* End PBXProject section */

/* Begin PBXResourcesBuildPhase section */
		A41A9C4B2FE20258009BF005 /* Resources */ = {
			isa = PBXResourcesBuildPhase;
			buildActionMask = 2147483647;
			files = (
			);
			runOnlyForDeploymentPostprocessing = 0;
		};
/* End PBXResourcesBuildPhase section */

/* Begin PBXSourcesBuildPhase section */
		A41A9C492FE20258009BF005 /* Sources */ = {
			isa = PBXSourcesBuildPhase;
			buildActionMask = 2147483647;
			files = (
				A4F000000000000000000001 /* NavigationStore.swift in Sources */,
				A4F000000000000000000011 /* LocalSearchService.swift in Sources */,
				A4F000000000000000000021 /* RoutingService.swift in Sources */,
				A4F000000000000000000031 /* PolylineMath.swift in Sources */,
				A4F000000000000000000041 /* ActiveNavigator.swift in Sources */,
				A4F000000000000000000051 /* Destination.swift in Sources */,
				A4F000000000000000000061 /* Favorite.swift in Sources */,
				A4F000000000000000000071 /* NavSettings.swift in Sources */,
				A4F000000000000000000E01 /* ActiveNavLoop.swift in Sources */,
				A4F000000000000000000E11 /* DashNavSettings.swift in Sources */,
				A4F000000000000000000E21 /* ManeuverIcon.swift in Sources */,
				A4F000000000000000000081 /* DestinationSearchSheet.swift in Sources */,
				A4F000000000000000000091 /* FavoriteEditorSheet.swift in Sources */,
				A4F0000000000000000000A1 /* DestinationPreviewSheet.swift in Sources */,
				A4F0000000000000000000B1 /* RoutePreviewSheet.swift in Sources */,
				A4F0000000000000000000C1 /* NavigationHUD.swift in Sources */,
				A4F0000000000000000000D1 /* QuickAccessTiles.swift in Sources */,
				A486F0662FE2DD0800AA36C3 /* DashSocket.swift in Sources */,
				A486F0672FE2DD0800AA36C3 /* RsaHandshake.swift in Sources */,
				A486F0682FE2DD0800AA36C3 /* HeartbeatLoop.swift in Sources */,
				A486F0692FE2DD0800AA36C3 /* BikeLink.swift in Sources */,
				A486F06A2FE2DD0800AA36C3 /* K1GPacket.swift in Sources */,
				A486F06B2FE2DD0800AA36C3 /* K1GConstants.swift in Sources */,
				A486F0482FE2034700AA36C3 /* TripperDashPPApp.swift in Sources */,
				A4E71CA22FE3128D00CFD473 /* RtpStreamer.swift in Sources */,
				F00DBABE00000000DEADBEEF /* MapViewSource.swift in Sources */,
				F00DBABE00000000DEADBEF1 /* RouteTileCache.swift in Sources */,
				EFEF1002000000000000A001 /* PrerenderProgressView.swift in Sources */,
				A4E71CA32FE3128D00CFD473 /* FrameSource.swift in Sources */,
				A4E71CA42FE3128D00CFD473 /* RtpPacketizer.swift in Sources */,
				A4E71CA52FE3128D00CFD473 /* H264Encoder.swift in Sources */,
				A486F0492FE2034700AA36C3 /* MapPickerView.swift in Sources */,
				29F33008B35290915EF1ACD9 /* MapPreviewView.swift in Sources */,
				6CEEF1E3E02E5B291694EB0C /* InteractiveMapView.swift in Sources */,
				A486F04A2FE2034700AA36C3 /* AppStatus.swift in Sources */,
				A486F04B2FE2034700AA36C3 /* StreamingView.swift in Sources */,
				A486F04C2FE2034700AA36C3 /* RootView.swift in Sources */,
				A4B6F0012FE6000000AA36C3 /* LocationService.swift in Sources */,
				A4B6F0032FE6000000AA36C3 /* SilentAudioKeeper.swift in Sources */,
				A4B6F0052FE6500000AA36C3 /* MapSnapshotSource.swift in Sources */,
			
				A4F000000000000000000F01 /* ManeuverScannerLoop.swift in Sources */,
				A4E71CB12FE3128D00CFD473 /* ManeuverScanSource.swift in Sources */,
			);
			runOnlyForDeploymentPostprocessing = 0;
		};
/* End PBXSourcesBuildPhase section */

/* Begin XCBuildConfiguration section */
		A41A9C562FE2025A009BF005 /* Debug */ = {
			isa = XCBuildConfiguration;
			buildSettings = {
				ALWAYS_SEARCH_USER_PATHS = NO;
				ASSETCATALOG_COMPILER_GENERATE_SWIFT_ASSET_SYMBOL_EXTENSIONS = YES;
				CLANG_ANALYZER_NONNULL = YES;
				CLANG_ANALYZER_NUMBER_OBJECT_CONVERSION = YES_AGGRESSIVE;
				CLANG_CXX_LANGUAGE_STANDARD = "gnu++20";
				CLANG_ENABLE_MODULES = YES;
				CLANG_ENABLE_OBJC_ARC = YES;
				CLANG_ENABLE_OBJC_WEAK = YES;
				CLANG_WARN_BLOCK_CAPTURE_AUTORELEASING = YES;
				CLANG_WARN_BOOL_CONVERSION = YES;
				CLANG_WARN_COMMA = YES;
				CLANG_WARN_CONSTANT_CONVERSION = YES;
				CLANG_WARN_DEPRECATED_OBJC_IMPLEMENTATIONS = YES;
				CLANG_WARN_DIRECT_OBJC_ISA_USAGE = YES_ERROR;
				CLANG_WARN_DOCUMENTATION_COMMENTS = YES;
				CLANG_WARN_EMPTY_BODY = YES;
				CLANG_WARN_ENUM_CONVERSION = YES;
				CLANG_WARN_INFINITE_RECURSION = YES;
				CLANG_WARN_INT_CONVERSION = YES;
				CLANG_WARN_NON_LITERAL_NULL_CONVERSION = YES;
				CLANG_WARN_OBJC_IMPLICIT_RETAIN_SELF = YES;
				CLANG_WARN_OBJC_LITERAL_CONVERSION = YES;
				CLANG_WARN_OBJC_ROOT_CLASS = YES_ERROR;
				CLANG_WARN_QUOTED_INCLUDE_IN_FRAMEWORK_HEADER = YES;
				CLANG_WARN_RANGE_LOOP_ANALYSIS = YES;
				CLANG_WARN_STRICT_PROTOTYPES = YES;
				CLANG_WARN_SUSPICIOUS_MOVE = YES;
				CLANG_WARN_UNGUARDED_AVAILABILITY = YES_AGGRESSIVE;
				CLANG_WARN_UNREACHABLE_CODE = YES;
				CLANG_WARN__DUPLICATE_METHOD_MATCH = YES;
				COPY_PHASE_STRIP = NO;
				DEBUG_INFORMATION_FORMAT = dwarf;
				DEVELOPMENT_TEAM = KGL8J75LNN;
				ENABLE_STRICT_OBJC_MSGSEND = YES;
				ENABLE_TESTABILITY = YES;
				ENABLE_USER_SCRIPT_SANDBOXING = YES;
				GCC_C_LANGUAGE_STANDARD = gnu17;
				GCC_DYNAMIC_NO_PIC = NO;
				GCC_NO_COMMON_BLOCKS = YES;
				GCC_OPTIMIZATION_LEVEL = 0;
				GCC_PREPROCESSOR_DEFINITIONS = (
					"DEBUG=1",
					"$(inherited)",
				);
				GCC_WARN_64_TO_32_BIT_CONVERSION = YES;
				GCC_WARN_ABOUT_RETURN_TYPE = YES_ERROR;
				GCC_WARN_UNDECLARED_SELECTOR = YES;
				GCC_WARN_UNINITIALIZED_AUTOS = YES_AGGRESSIVE;
				GCC_WARN_UNUSED_FUNCTION = YES;
				GCC_WARN_UNUSED_VARIABLE = YES;
				IPHONEOS_DEPLOYMENT_TARGET = 26.5;
				LOCALIZATION_PREFERS_STRING_CATALOGS = YES;
				MTL_ENABLE_DEBUG_INFO = INCLUDE_SOURCE;
				MTL_FAST_MATH = YES;
				ONLY_ACTIVE_ARCH = YES;
				SDKROOT = iphoneos;
				SWIFT_ACTIVE_COMPILATION_CONDITIONS = "DEBUG $(inherited)";
				SWIFT_OPTIMIZATION_LEVEL = "-Onone";
			};
			name = Debug;
		};
		A41A9C572FE2025A009BF005 /* Release */ = {
			isa = XCBuildConfiguration;
			buildSettings = {
				ALWAYS_SEARCH_USER_PATHS = NO;
				ASSETCATALOG_COMPILER_GENERATE_SWIFT_ASSET_SYMBOL_EXTENSIONS = YES;
				CLANG_ANALYZER_NONNULL = YES;
				CLANG_ANALYZER_NUMBER_OBJECT_CONVERSION = YES_AGGRESSIVE;
				CLANG_CXX_LANGUAGE_STANDARD = "gnu++20";
				CLANG_ENABLE_MODULES = YES;
				CLANG_ENABLE_OBJC_ARC = YES;
				CLANG_ENABLE_OBJC_WEAK = YES;
				CLANG_WARN_BLOCK_CAPTURE_AUTORELEASING = YES;
				CLANG_WARN_BOOL_CONVERSION = YES;
				CLANG_WARN_COMMA = YES;
				CLANG_WARN_CONSTANT_CONVERSION = YES;
				CLANG_WARN_DEPRECATED_OBJC_IMPLEMENTATIONS = YES;
				CLANG_WARN_DIRECT_OBJC_ISA_USAGE = YES_ERROR;
				CLANG_WARN_DOCUMENTATION_COMMENTS = YES;
				CLANG_WARN_EMPTY_BODY = YES;
				CLANG_WARN_ENUM_CONVERSION = YES;
				CLANG_WARN_INFINITE_RECURSION = YES;
				CLANG_WARN_INT_CONVERSION = YES;
				CLANG_WARN_NON_LITERAL_NULL_CONVERSION = YES;
				CLANG_WARN_OBJC_IMPLICIT_RETAIN_SELF = YES;
				CLANG_WARN_OBJC_LITERAL_CONVERSION = YES;
				CLANG_WARN_OBJC_ROOT_CLASS = YES_ERROR;
				CLANG_WARN_QUOTED_INCLUDE_IN_FRAMEWORK_HEADER = YES;
				CLANG_WARN_RANGE_LOOP_ANALYSIS = YES;
				CLANG_WARN_STRICT_PROTOTYPES = YES;
				CLANG_WARN_SUSPICIOUS_MOVE = YES;
				CLANG_WARN_UNGUARDED_AVAILABILITY = YES_AGGRESSIVE;
				CLANG_WARN_UNREACHABLE_CODE = YES;
				CLANG_WARN__DUPLICATE_METHOD_MATCH = YES;
				COPY_PHASE_STRIP = NO;
				DEBUG_INFORMATION_FORMAT = "dwarf-with-dsym";
				DEVELOPMENT_TEAM = KGL8J75LNN;
				ENABLE_NS_ASSERTIONS = NO;
				ENABLE_STRICT_OBJC_MSGSEND = YES;
				ENABLE_USER_SCRIPT_SANDBOXING = YES;
				GCC_C_LANGUAGE_STANDARD = gnu17;
				GCC_NO_COMMON_BLOCKS = YES;
				GCC_WARN_64_TO_32_BIT_CONVERSION = YES;
				GCC_WARN_ABOUT_RETURN_TYPE = YES_ERROR;
				GCC_WARN_UNDECLARED_SELECTOR = YES;
				GCC_WARN_UNINITIALIZED_AUTOS = YES_AGGRESSIVE;
				GCC_WARN_UNUSED_FUNCTION = YES;
				GCC_WARN_UNUSED_VARIABLE = YES;
				IPHONEOS_DEPLOYMENT_TARGET = 26.5;
				LOCALIZATION_PREFERS_STRING_CATALOGS = YES;
				MTL_ENABLE_DEBUG_INFO = NO;
				MTL_FAST_MATH = YES;
				SDKROOT = iphoneos;
				SWIFT_COMPILATION_MODE = wholemodule;
				VALIDATE_PRODUCT = YES;
			};
			name = Release;
		};
		A41A9C592FE2025A009BF005 /* Debug */ = {
			isa = XCBuildConfiguration;
			buildSettings = {
				ASSETCATALOG_COMPILER_APPICON_NAME = AppIcon;
				ASSETCATALOG_COMPILER_GLOBAL_ACCENT_COLOR_NAME = AccentColor;
				CODE_SIGN_STYLE = Automatic;
				CURRENT_PROJECT_VERSION = 1;
				DEVELOPMENT_TEAM = KGL8J75LNN;
				ENABLE_PREVIEWS = YES;
				GENERATE_INFOPLIST_FILE = YES;
				INFOPLIST_FILE = "TripperDashPP-Info.plist";
				INFOPLIST_KEY_CFBundleDisplayName = "TripperDash++";
				INFOPLIST_KEY_UIApplicationSceneManifest_Generation = YES;
				INFOPLIST_KEY_UIApplicationSupportsIndirectInputEvents = YES;
				INFOPLIST_KEY_UILaunchScreen_Generation = YES;
				INFOPLIST_KEY_UISupportedInterfaceOrientations_iPad = "UIInterfaceOrientationPortrait UIInterfaceOrientationPortraitUpsideDown UIInterfaceOrientationLandscapeLeft UIInterfaceOrientationLandscapeRight";
				INFOPLIST_KEY_UISupportedInterfaceOrientations_iPhone = "UIInterfaceOrientationPortrait UIInterfaceOrientationLandscapeLeft UIInterfaceOrientationLandscapeRight";
				IPHONEOS_DEPLOYMENT_TARGET = 18.6;
				LD_RUNPATH_SEARCH_PATHS = (
					"$(inherited)",
					"@executable_path/Frameworks",
				);
				MARKETING_VERSION = 1.0;
				PRODUCT_BUNDLE_IDENTIFIER = eu.kolaczek.TripperDashPP;
				PRODUCT_NAME = "$(TARGET_NAME)";
				STRING_CATALOG_GENERATE_SYMBOLS = YES;
				SUPPORTED_PLATFORMS = "iphoneos iphonesimulator";
				SUPPORTS_MACCATALYST = NO;
				SUPPORTS_MAC_DESIGNED_FOR_IPHONE_IPAD = NO;
				SUPPORTS_XR_DESIGNED_FOR_IPHONE_IPAD = NO;
				SWIFT_APPROACHABLE_CONCURRENCY = YES;
				SWIFT_DEFAULT_ACTOR_ISOLATION = MainActor;
				SWIFT_EMIT_LOC_STRINGS = YES;
				SWIFT_UPCOMING_FEATURE_MEMBER_IMPORT_VISIBILITY = YES;
				SWIFT_VERSION = 5.0;
				TARGETED_DEVICE_FAMILY = 1;
			};
			name = Debug;
		};
		A41A9C5A2FE2025A009BF005 /* Release */ = {
			isa = XCBuildConfiguration;
			buildSettings = {
				ASSETCATALOG_COMPILER_APPICON_NAME = AppIcon;
				ASSETCATALOG_COMPILER_GLOBAL_ACCENT_COLOR_NAME = AccentColor;
				CODE_SIGN_STYLE = Automatic;
				CURRENT_PROJECT_VERSION = 1;
				DEVELOPMENT_TEAM = KGL8J75LNN;
				ENABLE_PREVIEWS = YES;
				GENERATE_INFOPLIST_FILE = YES;
				INFOPLIST_FILE = "TripperDashPP-Info.plist";
				INFOPLIST_KEY_CFBundleDisplayName = "TripperDash++";
				INFOPLIST_KEY_UIApplicationSceneManifest_Generation = YES;
				INFOPLIST_KEY_UIApplicationSupportsIndirectInputEvents = YES;
				INFOPLIST_KEY_UILaunchScreen_Generation = YES;
				INFOPLIST_KEY_UISupportedInterfaceOrientations_iPad = "UIInterfaceOrientationPortrait UIInterfaceOrientationPortraitUpsideDown UIInterfaceOrientationLandscapeLeft UIInterfaceOrientationLandscapeRight";
				INFOPLIST_KEY_UISupportedInterfaceOrientations_iPhone = "UIInterfaceOrientationPortrait UIInterfaceOrientationLandscapeLeft UIInterfaceOrientationLandscapeRight";
				IPHONEOS_DEPLOYMENT_TARGET = 18.6;
				LD_RUNPATH_SEARCH_PATHS = (
					"$(inherited)",
					"@executable_path/Frameworks",
				);
				MARKETING_VERSION = 1.0;
				PRODUCT_BUNDLE_IDENTIFIER = eu.kolaczek.TripperDashPP;
				PRODUCT_NAME = "$(TARGET_NAME)";
				STRING_CATALOG_GENERATE_SYMBOLS = YES;
				SUPPORTED_PLATFORMS = "iphoneos iphonesimulator";
				SUPPORTS_MACCATALYST = NO;
				SUPPORTS_MAC_DESIGNED_FOR_IPHONE_IPAD = NO;
				SUPPORTS_XR_DESIGNED_FOR_IPHONE_IPAD = NO;
				SWIFT_APPROACHABLE_CONCURRENCY = YES;
				SWIFT_DEFAULT_ACTOR_ISOLATION = MainActor;
				SWIFT_EMIT_LOC_STRINGS = YES;
				SWIFT_UPCOMING_FEATURE_MEMBER_IMPORT_VISIBILITY = YES;
				SWIFT_VERSION = 5.0;
				TARGETED_DEVICE_FAMILY = 1;
			};
			name = Release;
		};
/* End XCBuildConfiguration section */

/* Begin XCConfigurationList section */
		A41A9C482FE20258009BF005 /* Build configuration list for PBXProject "TripperDashPP" */ = {
			isa = XCConfigurationList;
			buildConfigurations = (
				A41A9C562FE2025A009BF005 /* Debug */,
				A41A9C572FE2025A009BF005 /* Release */,
			);
			defaultConfigurationIsVisible = 0;
			defaultConfigurationName = Release;
		};
		A41A9C582FE2025A009BF005 /* Build configuration list for PBXNativeTarget "TripperDashPP" */ = {
			isa = XCConfigurationList;
			buildConfigurations = (
				A41A9C592FE2025A009BF005 /* Debug */,
				A41A9C5A2FE2025A009BF005 /* Release */,
			);
			defaultConfigurationIsVisible = 0;
			defaultConfigurationName = Release;
		};
/* End XCConfigurationList section */

	};
	rootObject = A41A9C452FE20258009BF005 /* Project object */;
}
